// !$*UTF8*$!
{
	archiveVersion = 1;
	classes = {
	};
	objectVersion = 77;
	objects = {

/* Begin PBXBuildFile section */
		1FC3BACEFC80AAB85E5B5305 /* ContentView.swift in Sources */ = {isa = PBXBuildFile; fileRef = 83A9F272D215E29FE322B35A /* ContentView.swift */; };
		21CDFF2A975B7A0E4B38BD33 /* WispKeyboard.appex in Embed Foundation Extensions */ = {isa = PBXBuildFile; fileRef = 05FB732A1DD989B2E61123FD /* WispKeyboard.appex */; settings = {ATTRIBUTES = (RemoveHeadersOnCopy, ); }; };
		4099044D8E46354A11F2653C /* KeyboardViewController.swift in Sources */ = {isa = PBXBuildFile; fileRef = 2A6FD360CA20001F895F85B5 /* KeyboardViewController.swift */; };
		4305EA64CC09C615F3DE3A05 /* WispMobileApp.swift in Sources */ = {isa = PBXBuildFile; fileRef = 823E41259CB696DE48F5C949 /* WispMobileApp.swift */; };
		7956C2B632BACB500D5D55B3 /* TranscriptCleaner.swift in Sources */ = {isa = PBXBuildFile; fileRef = F5BE8F0C274B18899BFC3FDA /* TranscriptCleaner.swift */; };
		9EEC7651DF7536229061F366 /* OpenAIComposer.swift in Sources */ = {isa = PBXBuildFile; fileRef = 248145E1A1AEB27DD7E7DD7A /* OpenAIComposer.swift */; };
		B37389E1499F05B8F044A976 /* SharedStore.swift in Sources */ = {isa = PBXBuildFile; fileRef = DD93F0151434A51614FE2BF9 /* SharedStore.swift */; };
		C3AA0EA9D41BF95D2498B9D0 /* TranscriptCleaner.swift in Sources */ = {isa = PBXBuildFile; fileRef = F5BE8F0C274B18899BFC3FDA /* TranscriptCleaner.swift */; };
		C8F9C839F2B7A503D4233B95 /* SharedStore.swift in Sources */ = {isa = PBXBuildFile; fileRef = DD93F0151434A51614FE2BF9 /* SharedStore.swift */; };
		F3D9A7EE96D2FD2B2A879F2B /* DictationModel.swift in Sources */ = {isa = PBXBuildFile; fileRef = 51E66FCC0E67B4846CB529D0 /* DictationModel.swift */; };
/* End PBXBuildFile section */

/* Begin PBXContainerItemProxy section */
		A1186DAF503585DAD9401567 /* PBXContainerItemProxy */ = {
			isa = PBXContainerItemProxy;
			containerPortal = 91C57389AC52682793542037 /* Project object */;
			proxyType = 1;
			remoteGlobalIDString = BE1B3F0607BD540C0A68A7F9;
			remoteInfo = WispKeyboard;
		};
/* End PBXContainerItemProxy section */

/* Begin PBXCopyFilesBuildPhase section */
		D7C73B338D6285C1C7739B14 /* Embed Foundation Extensions */ = {
			isa = PBXCopyFilesBuildPhase;
			buildActionMask = 2147483647;
			dstPath = "";
			dstSubfolderSpec = 13;
			files = (
				21CDFF2A975B7A0E4B38BD33 /* WispKeyboard.appex in Embed Foundation Extensions */,
			);
			name = "Embed Foundation Extensions";
			runOnlyForDeploymentPostprocessing = 0;
		};
/* End PBXCopyFilesBuildPhase section */

/* Begin PBXFileReference section */
		05FB732A1DD989B2E61123FD /* WispKeyboard.appex */ = {isa = PBXFileReference; includeInIndex = 0; lastKnownFileType = "wrapper.app-extension"; path = WispKeyboard.appex; sourceTree = BUILT_PRODUCTS_DIR; };
		248145E1A1AEB27DD7E7DD7A /* OpenAIComposer.swift */ = {isa = PBXFileReference; lastKnownFileType = sourcecode.swift; path = OpenAIComposer.swift; sourceTree = "<group>"; };
		2A6FD360CA20001F895F85B5 /* KeyboardViewController.swift */ = {isa = PBXFileReference; lastKnownFileType = sourcecode.swift; path = KeyboardViewController.swift; sourceTree = "<group>"; };
		51E66FCC0E67B4846CB529D0 /* DictationModel.swift */ = {isa = PBXFileReference; lastKnownFileType = sourcecode.swift; path = DictationModel.swift; sourceTree = "<group>"; };
		5F9C246EA21B82B28EA3EA24 /* WispMobile.app */ = {isa = PBXFileReference; includeInIndex = 0; lastKnownFileType = wrapper.application; path = WispMobile.app; sourceTree = BUILT_PRODUCTS_DIR; };
		7CFF37E9D3C5224566BEF616 /* WispMobile.entitlements */ = {isa = PBXFileReference; lastKnownFileType = text.plist.entitlements; path = WispMobile.entitlements; sourceTree = "<group>"; };
		823E41259CB696DE48F5C949 /* WispMobileApp.swift */ = {isa = PBXFileReference; lastKnownFileType = sourcecode.swift; path = WispMobileApp.swift; sourceTree = "<group>"; };
		83A9F272D215E29FE322B35A /* ContentView.swift */ = {isa = PBXFileReference; lastKnownFileType = sourcecode.swift; path = ContentView.swift; sourceTree = "<group>"; };
		878081E6B48A600297F4DF8E /* Info.plist */ = {isa = PBXFileReference; lastKnownFileType = text.plist; path = Info.plist; sourceTree = "<group>"; };
		B3E3C413787F8010BF89B6C7 /* WispKeyboard.entitlements */ = {isa = PBXFileReference; lastKnownFileType = text.plist.entitlements; path = WispKeyboard.entitlements; sourceTree = "<group>"; };
		DD93F0151434A51614FE2BF9 /* SharedStore.swift */ = {isa = PBXFileReference; lastKnownFileType = sourcecode.swift; path = SharedStore.swift; sourceTree = "<group>"; };
		F5BE8F0C274B18899BFC3FDA /* TranscriptCleaner.swift */ = {isa = PBXFileReference; lastKnownFileType = sourcecode.swift; path = TranscriptCleaner.swift; sourceTree = "<group>"; };
		F6B7D1AD562A28ADEF494E84 /* Info.plist */ = {isa = PBXFileReference; lastKnownFileType = text.plist; path = Info.plist; sourceTree = "<group>"; };
/* End PBXFileReference section */

/* Begin PBXGroup section */
		13CBD6F000A30EEADA2F38AB /* Products */ = {
			isa = PBXGroup;
			children = (
				05FB732A1DD989B2E61123FD /* WispKeyboard.appex */,
				5F9C246EA21B82B28EA3EA24 /* WispMobile.app */,
			);
			name = Products;
			sourceTree = "<group>";
		};
		7A2D3C4EC4E60C556B41681C /* WispKeyboard */ = {
			isa = PBXGroup;
			children = (
				F6B7D1AD562A28ADEF494E84 /* Info.plist */,
				2A6FD360CA20001F895F85B5 /* KeyboardViewController.swift */,
				B3E3C413787F8010BF89B6C7 /* WispKeyboard.entitlements */,
			);
			path = WispKeyboard;
			sourceTree = "<group>";
		};
		C0236E0F94FD63B908B72FD6 /* WispMobile */ = {
			isa = PBXGroup;
			children = (
				83A9F272D215E29FE322B35A /* ContentView.swift */,
				51E66FCC0E67B4846CB529D0 /* DictationModel.swift */,
				878081E6B48A600297F4DF8E /* Info.plist */,
				248145E1A1AEB27DD7E7DD7A /* OpenAIComposer.swift */,
				7CFF37E9D3C5224566BEF616 /* WispMobile.entitlements */,
				823E41259CB696DE48F5C949 /* WispMobileApp.swift */,
			);
			path = WispMobile;
			sourceTree = "<group>";
		};
		C688DB737AA882E4B99795FF /* WispShared */ = {
			isa = PBXGroup;
			children = (
				DD93F0151434A51614FE2BF9 /* SharedStore.swift */,
			);
			path = WispShared;
			sourceTree = "<group>";
		};
		EADE02E3C35F2D7B418E63E1 = {
			isa = PBXGroup;
			children = (
				EED067459F2A1C2396CE43EC /* WispCore */,
				7A2D3C4EC4E60C556B41681C /* WispKeyboard */,
				C0236E0F94FD63B908B72FD6 /* WispMobile */,
				C688DB737AA882E4B99795FF /* WispShared */,
				13CBD6F000A30EEADA2F38AB /* Products */,
			);
			sourceTree = "<group>";
		};
		EED067459F2A1C2396CE43EC /* WispCore */ = {
			isa = PBXGroup;
			children = (
				F5BE8F0C274B18899BFC3FDA /* TranscriptCleaner.swift */,
			);
			name = WispCore;
			path = ../Sources/WispCore;
			sourceTree = "<group>";
		};
/* End PBXGroup section */

/* Begin PBXNativeTarget section */
		0105DC4F9FEA2A1AB29424A5 /* WispMobile */ = {
			isa = PBXNativeTarget;
			buildConfigurationList = F7DDC4619CB368977B2274B4 /* Build configuration list for PBXNativeTarget "WispMobile" */;
			buildPhases = (
				B698848B282FBC6819571134 /* Sources */,
				D7C73B338D6285C1C7739B14 /* Embed Foundation Extensions */,
			);
			buildRules = (
			);
			dependencies = (
				4DE8B8976AC99BA2EBD96199 /* PBXTargetDependency */,
			);
			name = WispMobile;
			packageProductDependencies = (
			);
			productName = WispMobile;
			productReference = 5F9C246EA21B82B28EA3EA24 /* WispMobile.app */;
			productType = "com.apple.product-type.application";
		};
		BE1B3F0607BD540C0A68A7F9 /* WispKeyboard */ = {
			isa = PBXNativeTarget;
			buildConfigurationList = 485CE8DD95B382B5D09E641B /* Build configuration list for PBXNativeTarget "WispKeyboard" */;
			buildPhases = (
				9D284FC50DBD83DA7F287F9F /* Sources */,
			);
			buildRules = (
			);
			dependencies = (
			);
			name = WispKeyboard;
			packageProductDependencies = (
			);
			productName = WispKeyboard;
			productReference = 05FB732A1DD989B2E61123FD /* WispKeyboard.appex */;
			productType = "com.apple.product-type.app-extension";
		};
/* End PBXNativeTarget section */

/* Begin PBXProject section */
		91C57389AC52682793542037 /* Project object */ = {
			isa = PBXProject;
			attributes = {
				BuildIndependentTargetsInParallel = YES;
				LastUpgradeCheck = 1430;
				TargetAttributes = {
					0105DC4F9FEA2A1AB29424A5 = {
						DevelopmentTeam = "";
						ProvisioningStyle = Automatic;
					};
					BE1B3F0607BD540C0A68A7F9 = {
						DevelopmentTeam = "";
						ProvisioningStyle = Automatic;
					};
				};
			};
			buildConfigurationList = 52DE6B3C8E33F75C34625A4A /* Build configuration list for PBXProject "WispMobile" */;
			developmentRegion = en;
			hasScannedForEncodings = 0;
			knownRegions = (
				Base,
				en,
			);
			mainGroup = EADE02E3C35F2D7B418E63E1;
			minimizedProjectReferenceProxies = 1;
			preferredProjectObjectVersion = 77;
			productRefGroup = 13CBD6F000A30EEADA2F38AB /* Products */;
			projectDirPath = "";
			projectRoot = "";
			targets = (
				BE1B3F0607BD540C0A68A7F9 /* WispKeyboard */,
				0105DC4F9FEA2A1AB29424A5 /* WispMobile */,
			);
		};
/* End PBXProject section */

/* Begin PBXSourcesBuildPhase section */
		9D284FC50DBD83DA7F287F9F /* Sources */ = {
			isa = PBXSourcesBuildPhase;
			buildActionMask = 2147483647;
			files = (
				4099044D8E46354A11F2653C /* KeyboardViewController.swift in Sources */,
				B37389E1499F05B8F044A976 /* SharedStore.swift in Sources */,
				C3AA0EA9D41BF95D2498B9D0 /* TranscriptCleaner.swift in Sources */,
			);
			runOnlyForDeploymentPostprocessing = 0;
		};
		B698848B282FBC6819571134 /* Sources */ = {
			isa = PBXSourcesBuildPhase;
			buildActionMask = 2147483647;
			files = (
				1FC3BACEFC80AAB85E5B5305 /* ContentView.swift in Sources */,
				F3D9A7EE96D2FD2B2A879F2B /* DictationModel.swift in Sources */,
				9EEC7651DF7536229061F366 /* OpenAIComposer.swift in Sources */,
				C8F9C839F2B7A503D4233B95 /* SharedStore.swift in Sources */,
				7956C2B632BACB500D5D55B3 /* TranscriptCleaner.swift in Sources */,
				4305EA64CC09C615F3DE3A05 /* WispMobileApp.swift in Sources */,
			);
			runOnlyForDeploymentPostprocessing = 0;
		};
/* End PBXSourcesBuildPhase section */

/* Begin PBXTargetDependency section */
		4DE8B8976AC99BA2EBD96199 /* PBXTargetDependency */ = {
			isa = PBXTargetDependency;
			target = BE1B3F0607BD540C0A68A7F9 /* WispKeyboard */;
			targetProxy = A1186DAF503585DAD9401567 /* PBXContainerItemProxy */;
		};
/* End PBXTargetDependency section */

/* Begin XCBuildConfiguration section */
		3B935EA8CDCFA11E2EDB9D90 /* Release */ = {
			isa = XCBuildConfiguration;
			buildSettings = {
				APPLICATION_EXTENSION_API_ONLY = YES;
				CODE_SIGN_ENTITLEMENTS = WispKeyboard/WispKeyboard.entitlements;
				INFOPLIST_FILE = WispKeyboard/Info.plist;
				LD_RUNPATH_SEARCH_PATHS = (
					"$(inherited)",
					"@executable_path/Frameworks",
					"@executable_path/../../Frameworks",
				);
				PRODUCT_BUNDLE_IDENTIFIER = local.wisp.mobile.keyboard;
				SDKROOT = iphoneos;
				TARGETED_DEVICE_FAMILY = "1,2";
			};
			name = Release;
		};
		5488A79C6F2CAF7A1D0DDED3 /* Release */ = {
			isa = XCBuildConfiguration;
			buildSettings = {
				ALWAYS_SEARCH_USER_PATHS = NO;
				CLANG_ANALYZER_NONNULL = YES;
				CLANG_ANALYZER_NUMBER_OBJECT_CONVERSION = YES_AGGRESSIVE;
				CLANG_CXX_LANGUAGE_STANDARD = "gnu++14";
				CLANG_CXX_LIBRARY = "libc++";
				CLANG_ENABLE_MODULES = YES;
				CLANG_ENABLE_OBJC_ARC = YES;
				CLANG_ENABLE_OBJC_WEAK = YES;
				CLANG_WARN_BLOCK_CAPTURE_AUTORELEASING = YES;
				CLANG_WARN_BOOL_CONVERSION = YES;
				CLANG_WARN_COMMA = YES;
				CLANG_WARN_CONSTANT_CONVERSION = YES;
				CLANG_WARN_DEPRECATED_OBJC_IMPLEMENTATIONS = YES;
				CLANG_WARN_DIRECT_OBJC_ISA_USAGE = YES_ERROR;
				CLANG_WARN_DOCUMENTATION_COMMENTS = YES;
				CLANG_WARN_EMPTY_BODY = YES;
				CLANG_WARN_ENUM_CONVERSION = YES;
				CLANG_WARN_INFINITE_RECURSION = YES;
				CLANG_WARN_INT_CONVERSION = YES;
				CLANG_WARN_NON_LITERAL_NULL_CONVERSION = YES;
				CLANG_WARN_OBJC_IMPLICIT_RETAIN_SELF = YES;
				CLANG_WARN_OBJC_LITERAL_CONVERSION = YES;
				CLANG_WARN_OBJC_ROOT_CLASS = YES_ERROR;
				CLANG_WARN_QUOTED_INCLUDE_IN_FRAMEWORK_HEADER = YES;
				CLANG_WARN_RANGE_LOOP_ANALYSIS = YES;
				CLANG_WARN_STRICT_PROTOTYPES = YES;
				CLANG_WARN_SUSPICIOUS_MOVE = YES;
				CLANG_WARN_UNGUARDED_AVAILABILITY = YES_AGGRESSIVE;
				CLANG_WARN_UNREACHABLE_CODE = YES;
				CLANG_WARN__DUPLICATE_METHOD_MATCH = YES;
				CODE_SIGN_STYLE = Automatic;
				COPY_PHASE_STRIP = NO;
				DEBUG_INFORMATION_FORMAT = "dwarf-with-dsym";
				DEVELOPMENT_TEAM = "";
				ENABLE_NS_ASSERTIONS = NO;
				ENABLE_STRICT_OBJC_MSGSEND = YES;
				GCC_C_LANGUAGE_STANDARD = gnu11;
				GCC_NO_COMMON_BLOCKS = YES;
				GCC_WARN_64_TO_32_BIT_CONVERSION = YES;
				GCC_WARN_ABOUT_RETURN_TYPE = YES_ERROR;
				GCC_WARN_UNDECLARED_SELECTOR = YES;
				GCC_WARN_UNINITIALIZED_AUTOS = YES_AGGRESSIVE;
				GCC_WARN_UNUSED_FUNCTION = YES;
				GCC_WARN_UNUSED_VARIABLE = YES;
				IPHONEOS_DEPLOYMENT_TARGET = 17.0;
				MTL_ENABLE_DEBUG_INFO = NO;
				MTL_FAST_MATH = YES;
				PRODUCT_NAME = "$(TARGET_NAME)";
				SDKROOT = iphoneos;
				SWIFT_COMPILATION_MODE = wholemodule;
				SWIFT_OPTIMIZATION_LEVEL = "-O";
				SWIFT_VERSION = 6.0;
			};
			name = Release;
		};
		7C45927393B8D1CEC31D1C63 /* Release */ = {
			isa = XCBuildConfiguration;
			buildSettings = {
				ASSETCATALOG_COMPILER_APPICON_NAME = AppIcon;
				CODE_SIGN_ENTITLEMENTS = WispMobile/WispMobile.entitlements;
				CODE_SIGN_IDENTITY = "iPhone Developer";
				INFOPLIST_FILE = WispMobile/Info.plist;
				LD_RUNPATH_SEARCH_PATHS = (
					"$(inherited)",
					"@executable_path/Frameworks",
				);
				PRODUCT_BUNDLE_IDENTIFIER = local.wisp.mobile;
				SDKROOT = iphoneos;
				TARGETED_DEVICE_FAMILY = "1,2";
			};
			name = Release;
		};
		83FE415948A1E9805B2A2F16 /* Debug */ = {
			isa = XCBuildConfiguration;
			buildSettings = {
				ASSETCATALOG_COMPILER_APPICON_NAME = AppIcon;
				CODE_SIGN_ENTITLEMENTS = WispMobile/WispMobile.entitlements;
				CODE_SIGN_IDENTITY = "iPhone Developer";
				INFOPLIST_FILE = WispMobile/Info.plist;
				LD_RUNPATH_SEARCH_PATHS = (
					"$(inherited)",
					"@executable_path/Frameworks",
				);
				PRODUCT_BUNDLE_IDENTIFIER = local.wisp.mobile;
				SDKROOT = iphoneos;
				TARGETED_DEVICE_FAMILY = "1,2";
			};
			name = Debug;
		};
		A08032ED8BF9FAD5D2ADEADC /* Debug */ = {
			isa = XCBuildConfiguration;
			buildSettings = {
				ALWAYS_SEARCH_USER_PATHS = NO;
				CLANG_ANALYZER_NONNULL = YES;
				CLANG_ANALYZER_NUMBER_OBJECT_CONVERSION = YES_AGGRESSIVE;
				CLANG_CXX_LANGUAGE_STANDARD = "gnu++14";
				CLANG_CXX_LIBRARY = "libc++";
				CLANG_ENABLE_MODULES = YES;
				CLANG_ENABLE_OBJC_ARC = YES;
				CLANG_ENABLE_OBJC_WEAK = YES;
				CLANG_WARN_BLOCK_CAPTURE_AUTORELEASING = YES;
				CLANG_WARN_BOOL_CONVERSION = YES;
				CLANG_WARN_COMMA = YES;
				CLANG_WARN_CONSTANT_CONVERSION = YES;
				CLANG_WARN_DEPRECATED_OBJC_IMPLEMENTATIONS = YES;
				CLANG_WARN_DIRECT_OBJC_ISA_USAGE = YES_ERROR;
				CLANG_WARN_DOCUMENTATION_COMMENTS = YES;
				CLANG_WARN_EMPTY_BODY = YES;
				CLANG_WARN_ENUM_CONVERSION = YES;
				CLANG_WARN_INFINITE_RECURSION = YES;
				CLANG_WARN_INT_CONVERSION = YES;
				CLANG_WARN_NON_LITERAL_NULL_CONVERSION = YES;
				CLANG_WARN_OBJC_IMPLICIT_RETAIN_SELF = YES;
				CLANG_WARN_OBJC_LITERAL_CONVERSION = YES;
				CLANG_WARN_OBJC_ROOT_CLASS = YES_ERROR;
				CLANG_WARN_QUOTED_INCLUDE_IN_FRAMEWORK_HEADER = YES;
				CLANG_WARN_RANGE_LOOP_ANALYSIS = YES;
				CLANG_WARN_STRICT_PROTOTYPES = YES;
				CLANG_WARN_SUSPICIOUS_MOVE = YES;
				CLANG_WARN_UNGUARDED_AVAILABILITY = YES_AGGRESSIVE;
				CLANG_WARN_UNREACHABLE_CODE = YES;
				CLANG_WARN__DUPLICATE_METHOD_MATCH = YES;
				CODE_SIGN_STYLE = Automatic;
				COPY_PHASE_STRIP = NO;
				DEBUG_INFORMATION_FORMAT = dwarf;
				DEVELOPMENT_TEAM = "";
				ENABLE_STRICT_OBJC_MSGSEND = YES;
				ENABLE_TESTABILITY = YES;
				GCC_C_LANGUAGE_STANDARD = gnu11;
				GCC_DYNAMIC_NO_PIC = NO;
				GCC_NO_COMMON_BLOCKS = YES;
				GCC_OPTIMIZATION_LEVEL = 0;
				GCC_PREPROCESSOR_DEFINITIONS = (
					"$(inherited)",
					"DEBUG=1",
				);
				GCC_WARN_64_TO_32_BIT_CONVERSION = YES;
				GCC_WARN_ABOUT_RETURN_TYPE = YES_ERROR;
				GCC_WARN_UNDECLARED_SELECTOR = YES;
				GCC_WARN_UNINITIALIZED_AUTOS = YES_AGGRESSIVE;
				GCC_WARN_UNUSED_FUNCTION = YES;
				GCC_WARN_UNUSED_VARIABLE = YES;
				IPHONEOS_DEPLOYMENT_TARGET = 17.0;
				MTL_ENABLE_DEBUG_INFO = INCLUDE_SOURCE;
				MTL_FAST_MATH = YES;
				ONLY_ACTIVE_ARCH = YES;
				PRODUCT_NAME = "$(TARGET_NAME)";
				SDKROOT = iphoneos;
				SWIFT_ACTIVE_COMPILATION_CONDITIONS = DEBUG;
				SWIFT_OPTIMIZATION_LEVEL = "-Onone";
				SWIFT_VERSION = 6.0;
			};
			name = Debug;
		};
		BBCA79FDD5BEE732945820C3 /* Debug */ = {
			isa = XCBuildConfiguration;
			buildSettings = {
				APPLICATION_EXTENSION_API_ONLY = YES;
				CODE_SIGN_ENTITLEMENTS = WispKeyboard/WispKeyboard.entitlements;
				INFOPLIST_FILE = WispKeyboard/Info.plist;
				LD_RUNPATH_SEARCH_PATHS = (
					"$(inherited)",
					"@executable_path/Frameworks",
					"@executable_path/../../Frameworks",
				);
				PRODUCT_BUNDLE_IDENTIFIER = local.wisp.mobile.keyboard;
				SDKROOT = iphoneos;
				TARGETED_DEVICE_FAMILY = "1,2";
			};
			name = Debug;
		};
/* End XCBuildConfiguration section */

/* Begin XCConfigurationList section */
		485CE8DD95B382B5D09E641B /* Build configuration list for PBXNativeTarget "WispKeyboard" */ = {
			isa = XCConfigurationList;
			buildConfigurations = (
				BBCA79FDD5BEE732945820C3 /* Debug */,
				3B935EA8CDCFA11E2EDB9D90 /* Release */,
			);
			defaultConfigurationIsVisible = 0;
			defaultConfigurationName = Debug;
		};
		52DE6B3C8E33F75C34625A4A /* Build configuration list for PBXProject "WispMobile" */ = {
			isa = XCConfigurationList;
			buildConfigurations = (
				A08032ED8BF9FAD5D2ADEADC /* Debug */,
				5488A79C6F2CAF7A1D0DDED3 /* Release */,
			);
			defaultConfigurationIsVisible = 0;
			defaultConfigurationName = Debug;
		};
		F7DDC4619CB368977B2274B4 /* Build configuration list for PBXNativeTarget "WispMobile" */ = {
			isa = XCConfigurationList;
			buildConfigurations = (
				83FE415948A1E9805B2A2F16 /* Debug */,
				7C45927393B8D1CEC31D1C63 /* Release */,
			);
			defaultConfigurationIsVisible = 0;
			defaultConfigurationName = Debug;
		};
/* End XCConfigurationList section */
	};
	rootObject = 91C57389AC52682793542037 /* Project object */;
}
